// !$*UTF8*$!
{
	archiveVersion = 1;
	classes = {
	};
	objectVersion = 46;
	objects = {

/* Begin PBXBuildFile section */
		880374541AFDAFE300C0C7C1 /* AppDelegate.swift in Sources */ = {isa = PBXBuildFile; fileRef = 880374531AFDAFE300C0C7C1 /* AppDelegate.swift */; };
		880374561AFDAFE300C0C7C1 /* ViewController.swift in Sources */ = {isa = PBXBuildFile; fileRef = 880374551AFDAFE300C0C7C1 /* ViewController.swift */; };
		880374591AFDAFE300C0C7C1 /* Main.storyboard in Resources */ = {isa = PBXBuildFile; fileRef = 880374571AFDAFE300C0C7C1 /* Main.storyboard */; };
		8803745B1AFDAFE300C0C7C1 /* Images.xcassets in Resources */ = {isa = PBXBuildFile; fileRef = 8803745A1AFDAFE300C0C7C1 /* Images.xcassets */; };
		8803745E1AFDAFE300C0C7C1 /* LaunchScreen.xib in Resources */ = {isa = PBXBuildFile; fileRef = 8803745C1AFDAFE300C0C7C1 /* LaunchScreen.xib */; };
		8803746A1AFDAFE300C0C7C1 /* SportsStoreTests.swift in Sources */ = {isa = PBXBuildFile; fileRef = 880374691AFDAFE300C0C7C1 /* SportsStoreTests.swift */; };
/* End PBXBuildFile section */

/* Begin PBXContainerItemProxy section */
		880374641AFDAFE300C0C7C1 /* PBXContainerItemProxy */ = {
			isa = PBXContainerItemProxy;
			containerPortal = 880374461AFDAFE300C0C7C1 /* Project object */;
			proxyType = 1;
			remoteGlobalIDString = 8803744D1AFDAFE300C0C7C1;
			remoteInfo = SportsStore;
		};
/* End PBXContainerItemProxy section */

/* Begin PBXFileReference section */
		8803744E1AFDAFE300C0C7C1 /* SportsStore.app */ = {isa = PBXFileReference; explicitFileType = wrapper.application; includeInIndex = 0; path = SportsStore.app; sourceTree = BUILT_PRODUCTS_DIR; };
		880374521AFDAFE300C0C7C1 /* Info.plist */ = {isa = PBXFileReference; lastKnownFileType = text.plist.xml; path = Info.plist; sourceTree = "<group>"; };
		880374531AFDAFE300C0C7C1 /* AppDelegate.swift */ = {isa = PBXFileReference; lastKnownFileType = sourcecode.swift; path = AppDelegate.swift; sourceTree = "<group>"; };
		880374551AFDAFE300C0C7C1 /* ViewController.swift */ = {isa = PBXFileReference; lastKnownFileType = sourcecode.swift; path = ViewController.swift; sourceTree = "<group>"; };
		880374581AFDAFE300C0C7C1 /* Base */ = {isa = PBXFileReference; lastKnownFileType = file.storyboard; name = Base; path = Base.lproj/Main.storyboard; sourceTree = "<group>"; };
		8803745A1AFDAFE300C0C7C1 /* Images.xcassets */ = {isa = PBXFileReference; lastKnownFileType = folder.assetcatalog; path = Images.xcassets; sourceTree = "<group>"; };
		8803745D1AFDAFE300C0C7C1 /* Base */ = {isa = PBXFileReference; lastKnownFileType = file.xib; name = Base; path = Base.lproj/LaunchScreen.xib; sourceTree = "<group>"; };
		880374631AFDAFE300C0C7C1 /* SportsStoreTests.xctest */ = {isa = PBXFileReference; explicitFileType = wrapper.cfbundle; includeInIndex = 0; path = SportsStoreTests.xctest; sourceTree = BUILT_PRODUCTS_DIR; };
		880374681AFDAFE300C0C7C1 /* Info.plist */ = {isa = PBXFileReference; lastKnownFileType = text.plist.xml; path = Info.plist; sourceTree = "<group>"; };
		880374691AFDAFE300C0C7C1 /* SportsStoreTests.swift */ = {isa = PBXFileReference; lastKnownFileType = sourcecode.swift; path = SportsStoreTests.swift; sourceTree = "<group>"; };
/* End PBXFileReference section */

/* Begin PBXFrameworksBuildPhase section */
		8803744B1AFDAFE300C0C7C1 /* Frameworks */ = {
			isa = PBXFrameworksBuildPhase;
			buildActionMask = 2147483647;
			files = (
			);
			runOnlyForDeploymentPostprocessing = 0;
		};
		880374601AFDAFE300C0C7C1 /* Frameworks */ = {
			isa = PBXFrameworksBuildPhase;
			buildActionMask = 2147483647;
			files = (
			);
			runOnlyForDeploymentPostprocessing = 0;
		};
/* End PBXFrameworksBuildPhase section */

/* Begin PBXGroup section */
		880374451AFDAFE300C0C7C1 = {
			isa = PBXGroup;
			children = (
				880374501AFDAFE300C0C7C1 /* SportsStore */,
				880374661AFDAFE300C0C7C1 /* SportsStoreTests */,
				8803744F1AFDAFE300C0C7C1 /* Products */,
			);
			sourceTree = "<group>";
		};
		8803744F1AFDAFE300C0C7C1 /* Products */ = {
			isa = PBXGroup;
			children = (
				8803744E1AFDAFE300C0C7C1 /* SportsStore.app */,
				880374631AFDAFE300C0C7C1 /* SportsStoreTests.xctest */,
			);
			name = Products;
			sourceTree = "<group>";
		};
		880374501AFDAFE300C0C7C1 /* SportsStore */ = {
			isa = PBXGroup;
			children = (
				880374531AFDAFE300C0C7C1 /* AppDelegate.swift */,
				880374551AFDAFE300C0C7C1 /* ViewController.swift */,
				880374571AFDAFE300C0C7C1 /* Main.storyboard */,
				8803745A1AFDAFE300C0C7C1 /* Images.xcassets */,
				8803745C1AFDAFE300C0C7C1 /* LaunchScreen.xib */,
				880374511AFDAFE300C0C7C1 /* Supporting Files */,
			);
			path = SportsStore;
			sourceTree = "<group>";
		};
		880374511AFDAFE300C0C7C1 /* Supporting Files */ = {
			isa = PBXGroup;
			children = (
				880374521AFDAFE300C0C7C1 /* Info.plist */,
			);
			name = "Supporting Files";
			sourceTree = "<group>";
		};
		880374661AFDAFE300C0C7C1 /* SportsStoreTests */ = {
			isa = PBXGroup;
			children = (
				880374691AFDAFE300C0C7C1 /* SportsStoreTests.swift */,
				880374671AFDAFE300C0C7C1 /* Supporting Files */,
			);
			path = SportsStoreTests;
			sourceTree = "<group>";
		};
		880374671AFDAFE300C0C7C1 /* Supporting Files */ = {
			isa = PBXGroup;
			children = (
				880374681AFDAFE300C0C7C1 /* Info.plist */,
			);
			name = "Supporting Files";
			sourceTree = "<group>";
		};
/* End PBXGroup section */

/* Begin PBXNativeTarget section */
		8803744D1AFDAFE300C0C7C1 /* SportsStore */ = {
			isa = PBXNativeTarget;
			buildConfigurationList = 8803746D1AFDAFE300C0C7C1 /* Build configuration list for PBXNativeTarget "SportsStore" */;
			buildPhases = (
				8803744A1AFDAFE300C0C7C1 /* Sources */,
				8803744B1AFDAFE300C0C7C1 /* Frameworks */,
				8803744C1AFDAFE300C0C7C1 /* Resources */,
			);
			buildRules = (
			);
			dependencies = (
			);
			name = SportsStore;
			productName = SportsStore;
			productReference = 8803744E1AFDAFE300C0C7C1 /* SportsStore.app */;
			productType = "com.apple.product-type.application";
		};
		880374621AFDAFE300C0C7C1 /* SportsStoreTests */ = {
			isa = PBXNativeTarget;
			buildConfigurationList = 880374701AFDAFE300C0C7C1 /* Build configuration list for PBXNativeTarget "SportsStoreTests" */;
			buildPhases = (
				8803745F1AFDAFE300C0C7C1 /* Sources */,
				880374601AFDAFE300C0C7C1 /* Frameworks */,
				880374611AFDAFE300C0C7C1 /* Resources */,
			);
			buildRules = (
			);
			dependencies = (
				880374651AFDAFE300C0C7C1 /* PBXTargetDependency */,
			);
			name = SportsStoreTests;
			productName = SportsStoreTests;
			productReference = 880374631AFDAFE300C0C7C1 /* SportsStoreTests.xctest */;
			productType = "com.apple.product-type.bundle.unit-test";
		};
/* End PBXNativeTarget section */

/* Begin PBXProject section */
		880374461AFDAFE300C0C7C1 /* Project object */ = {
			isa = PBXProject;
			attributes = {
				LastUpgradeCheck = 0630;
				ORGANIZATIONNAME = "Wei Wang";
				TargetAttributes = {
					8803744D1AFDAFE300C0C7C1 = {
						CreatedOnToolsVersion = 6.3.1;
					};
					880374621AFDAFE300C0C7C1 = {
						CreatedOnToolsVersion = 6.3.1;
						TestTargetID = 8803744D1AFDAFE300C0C7C1;
					};
				};
			};
			buildConfigurationList = 880374491AFDAFE300C0C7C1 /* Build configuration list for PBXProject "SportsStore" */;
			compatibilityVersion = "Xcode 3.2";
			developmentRegion = English;
			hasScannedForEncodings = 0;
			knownRegions = (
				en,
				Base,
			);
			mainGroup = 880374451AFDAFE300C0C7C1;
			productRefGroup = 8803744F1AFDAFE300C0C7C1 /* Products */;
			projectDirPath = "";
			projectRoot = "";
			targets = (
				8803744D1AFDAFE300C0C7C1 /* SportsStore */,
				880374621AFDAFE300C0C7C1 /* SportsStoreTests */,
			);
		};
/* End PBXProject section */

/* Begin PBXResourcesBuildPhase section */
		8803744C1AFDAFE300C0C7C1 /* Resources */ = {
			isa = PBXResourcesBuildPhase;
			buildActionMask = 2147483647;
			files = (
				880374591AFDAFE300C0C7C1 /* Main.storyboard in Resources */,
				8803745E1AFDAFE300C0C7C1 /* LaunchScreen.xib in Resources */,
				8803745B1AFDAFE300C0C7C1 /* Images.xcassets in Resources */,
			);
			runOnlyForDeploymentPostprocessing = 0;
		};
		880374611AFDAFE300C0C7C1 /* Resources */ = {
			isa = PBXResourcesBuildPhase;
			buildActionMask = 2147483647;
			files = (
			);
			runOnlyForDeploymentPostprocessing = 0;
		};
/* End PBXResourcesBuildPhase section */

/* Begin PBXSourcesBuildPhase section */
		8803744A1AFDAFE300C0C7C1 /* Sources */ = {
			isa = PBXSourcesBuildPhase;
			buildActionMask = 2147483647;
			files = (
				880374561AFDAFE300C0C7C1 /* ViewController.swift in Sources */,
				880374541AFDAFE300C0C7C1 /* AppDelegate.swift in Sources */,
			);
			runOnlyForDeploymentPostprocessing = 0;
		};
		8803745F1AFDAFE300C0C7C1 /* Sources */ = {
			isa = PBXSourcesBuildPhase;
			buildActionMask = 2147483647;
			files = (
				8803746A1AFDAFE300C0C7C1 /* SportsStoreTests.swift in Sources */,
			);
			runOnlyForDeploymentPostprocessing = 0;
		};
/* End PBXSourcesBuildPhase section */

/* Begin PBXTargetDependency section */
		880374651AFDAFE300C0C7C1 /* PBXTargetDependency */ = {
			isa = PBXTargetDependency;
			target = 8803744D1AFDAFE300C0C7C1 /* SportsStore */;
			targetProxy = 880374641AFDAFE300C0C7C1 /* PBXContainerItemProxy */;
		};
/* End PBXTargetDependency section */

/* Begin PBXVariantGroup section */
		880374571AFDAFE300C0C7C1 /* Main.storyboard */ = {
			isa = PBXVariantGroup;
			children = (
				880374581AFDAFE300C0C7C1 /* Base */,
			);
			name = Main.storyboard;
			sourceTree = "<group>";
		};
		8803745C1AFDAFE300C0C7C1 /* LaunchScreen.xib */ = {
			isa = PBXVariantGroup;
			children = (
				8803745D1AFDAFE300C0C7C1 /* Base */,
			);
			name = LaunchScreen.xib;
			sourceTree = "<group>";
		};
/* End PBXVariantGroup section */

/* Begin XCBuildConfiguration section */
		8803746B1AFDAFE300C0C7C1 /* Debug */ = {
			isa = XCBuildConfiguration;
			buildSettings = {
				ALWAYS_SEARCH_USER_PATHS = NO;
				CLANG_CXX_LANGUAGE_STANDARD = "gnu++0x";
				CLANG_CXX_LIBRARY = "libc++";
				CLANG_ENABLE_MODULES = YES;
				CLANG_ENABLE_OBJC_ARC = YES;
				CLANG_WARN_BOOL_CONVERSION = YES;
				CLANG_WARN_CONSTANT_CONVERSION = YES;
				CLANG_WARN_DIRECT_OBJC_ISA_USAGE = YES_ERROR;
				CLANG_WARN_EMPTY_BODY = YES;
				CLANG_WARN_ENUM_CONVERSION = YES;
				CLANG_WARN_INT_CONVERSION = YES;
				CLANG_WARN_OBJC_ROOT_CLASS = YES_ERROR;
				CLANG_WARN_UNREACHABLE_CODE = YES;
				CLANG_WARN__DUPLICATE_METHOD_MATCH = YES;
				"CODE_SIGN_IDENTITY[sdk=iphoneos*]" = "iPhone Developer";
				COPY_PHASE_STRIP = NO;
				DEBUG_INFORMATION_FORMAT = "dwarf-with-dsym";
				ENABLE_STRICT_OBJC_MSGSEND = YES;
				GCC_C_LANGUAGE_STANDARD = gnu99;
				GCC_DYNAMIC_NO_PIC = NO;
				GCC_NO_COMMON_BLOCKS = YES;
				GCC_OPTIMIZATION_LEVEL = 0;
				GCC_PREPROCESSOR_DEFINITIONS = (
					"DEBUG=1",
					"$(inherited)",
				);
				GCC_SYMBOLS_PRIVATE_EXTERN = NO;
				GCC_WARN_64_TO_32_BIT_CONVERSION = YES;
				GCC_WARN_ABOUT_RETURN_TYPE = YES_ERROR;
				GCC_WARN_UNDECLARED_SELECTOR = YES;
				GCC_WARN_UNINITIALIZED_AUTOS = YES_AGGRESSIVE;
				GCC_WARN_UNUSED_FUNCTION = YES;
				GCC_WARN_UNUSED_VARIABLE = YES;
				IPHONEOS_DEPLOYMENT_TARGET = 8.3;
				MTL_ENABLE_DEBUG_INFO = YES;
				ONLY_ACTIVE_ARCH = YES;
				SDKROOT = iphoneos;
				SWIFT_OPTIMIZATION_LEVEL = "-Onone";
				TARGETED_DEVICE_FAMILY = 2;
			};
			name = Debug;
		};
		8803746C1AFDAFE300C0C7C1 /* Release */ = {
			isa = XCBuildConfiguration;
			buildSettings = {
				ALWAYS_SEARCH_USER_PATHS = NO;
				CLANG_CXX_LANGUAGE_STANDARD = "gnu++0x";
				CLANG_CXX_LIBRARY = "libc++";
				CLANG_ENABLE_MODULES = YES;
				CLANG_ENABLE_OBJC_ARC = YES;
				CLANG_WARN_BOOL_CONVERSION = YES;
				CLANG_WARN_CONSTANT_CONVERSION = YES;
				CLANG_WARN_DIRECT_OBJC_ISA_USAGE = YES_ERROR;
				CLANG_WARN_EMPTY_BODY = YES;
				CLANG_WARN_ENUM_CONVERSION = YES;
				CLANG_WARN_INT_CONVERSION = YES;
				CLANG_WARN_OBJC_ROOT_CLASS = YES_ERROR;
				CLANG_WARN_UNREACHABLE_CODE = YES;
				CLANG_WARN__DUPLICATE_METHOD_MATCH = YES;
				"CODE_SIGN_IDENTITY[sdk=iphoneos*]" = "iPhone Developer";
				COPY_PHASE_STRIP = NO;
				DEBUG_INFORMATION_FORMAT = "dwarf-with-dsym";
				ENABLE_NS_ASSERTIONS = NO;
				ENABLE_STRICT_OBJC_MSGSEND = YES;
				GCC_C_LANGUAGE_STANDARD = gnu99;
				GCC_NO_COMMON_BLOCKS = YES;
				GCC_WARN_64_TO_32_BIT_CONVERSION = YES;
				GCC_WARN_ABOUT_RETURN_TYPE = YES_ERROR;
				GCC_WARN_UNDECLARED_SELECTOR = YES;
				GCC_WARN_UNINITIALIZED_AUTOS = YES_AGGRESSIVE;
				GCC_WARN_UNUSED_FUNCTION = YES;
				GCC_WARN_UNUSED_VARIABLE = YES;
				IPHONEOS_DEPLOYMENT_TARGET = 8.3;
				MTL_ENABLE_DEBUG_INFO = NO;
				SDKROOT = iphoneos;
				TARGETED_DEVICE_FAMILY = 2;
				VALIDATE_PRODUCT = YES;
			};
			name = Release;
		};
		8803746E1AFDAFE300C0C7C1 /* Debug */ = {
			isa = XCBuildConfiguration;
			buildSettings = {
				ASSETCATALOG_COMPILER_APPICON_NAME = AppIcon;
				INFOPLIST_FILE = SportsStore/Info.plist;
				LD_RUNPATH_SEARCH_PATHS = "$(inherited) @executable_path/Frameworks";
				PRODUCT_NAME = "$(TARGET_NAME)";
			};
			name = Debug;
		};
		8803746F1AFDAFE300C0C7C1 /* Release */ = {
			isa = XCBuildConfiguration;
			buildSettings = {
				ASSETCATALOG_COMPILER_APPICON_NAME = AppIcon;
				INFOPLIST_FILE = SportsStore/Info.plist;
				LD_RUNPATH_SEARCH_PATHS = "$(inherited) @executable_path/Frameworks";
				PRODUCT_NAME = "$(TARGET_NAME)";
			};
			name = Release;
		};
		880374711AFDAFE300C0C7C1 /* Debug */ = {
			isa = XCBuildConfiguration;
			buildSettings = {
				BUNDLE_LOADER = "$(TEST_HOST)";
				FRAMEWORK_SEARCH_PATHS = (
					"$(SDKROOT)/Developer/Library/Frameworks",
					"$(inherited)",
				);
				GCC_PREPROCESSOR_DEFINITIONS = (
					"DEBUG=1",
					"$(inherited)",
				);
				INFOPLIST_FILE = SportsStoreTests/Info.plist;
				LD_RUNPATH_SEARCH_PATHS = "$(inherited) @executable_path/Frameworks @loader_path/Frameworks";
				PRODUCT_NAME = "$(TARGET_NAME)";
				TEST_HOST = "$(BUILT_PRODUCTS_DIR)/SportsStore.app/SportsStore";
			};
			name = Debug;
		};
		880374721AFDAFE300C0C7C1 /* Release */ = {
			isa = XCBuildConfiguration;
			buildSettings = {
				BUNDLE_LOADER = "$(TEST_HOST)";
				FRAMEWORK_SEARCH_PATHS = (
					"$(SDKROOT)/Developer/Library/Frameworks",
					"$(inherited)",
				);
				INFOPLIST_FILE = SportsStoreTests/Info.plist;
				LD_RUNPATH_SEARCH_PATHS = "$(inherited) @executable_path/Frameworks @loader_path/Frameworks";
				PRODUCT_NAME = "$(TARGET_NAME)";
				TEST_HOST = "$(BUILT_PRODUCTS_DIR)/SportsStore.app/SportsStore";
			};
			name = Release;
		};
/* End XCBuildConfiguration section */

/* Begin XCConfigurationList section */
		880374491AFDAFE300C0C7C1 /* Build configuration list for PBXProject "SportsStore" */ = {
			isa = XCConfigurationList;
			buildConfigurations = (
				8803746B1AFDAFE300C0C7C1 /* Debug */,
				8803746C1AFDAFE300C0C7C1 /* Release */,
			);
			defaultConfigurationIsVisible = 0;
			defaultConfigurationName = Release;
		};
		8803746D1AFDAFE300C0C7C1 /* Build configuration list for PBXNativeTarget "SportsStore" */ = {
			isa = XCConfigurationList;
			buildConfigurations = (
				8803746E1AFDAFE300C0C7C1 /* Debug */,
				8803746F1AFDAFE300C0C7C1 /* Release */,
			);
			defaultConfigurationIsVisible = 0;
		};
		880374701AFDAFE300C0C7C1 /* Build configuration list for PBXNativeTarget "SportsStoreTests" */ = {
			isa = XCConfigurationList;
			buildConfigurations = (
				880374711AFDAFE300C0C7C1 /* Debug */,
				880374721AFDAFE300C0C7C1 /* Release */,
			);
			defaultConfigurationIsVisible = 0;
		};
/* End XCConfigurationList section */
	};
	rootObject = 880374461AFDAFE300C0C7C1 /* Project object */;
}
