// !$*UTF8*$!
{
	archiveVersion = 1;
	classes = {
	};
	objectVersion = 46;
	objects = {

/* Begin PBXBuildFile section */
		880374111AFD16D900C0C7C1 /* AppDelegate.swift in Sources */ = {isa = PBXBuildFile; fileRef = 880374101AFD16D900C0C7C1 /* AppDelegate.swift */; };
		880374131AFD16D900C0C7C1 /* ViewController.swift in Sources */ = {isa = PBXBuildFile; fileRef = 880374121AFD16D900C0C7C1 /* ViewController.swift */; };
		880374161AFD16D900C0C7C1 /* Main.storyboard in Resources */ = {isa = PBXBuildFile; fileRef = 880374141AFD16D900C0C7C1 /* Main.storyboard */; };
		880374181AFD16D900C0C7C1 /* Images.xcassets in Resources */ = {isa = PBXBuildFile; fileRef = 880374171AFD16D900C0C7C1 /* Images.xcassets */; };
		8803741B1AFD16D900C0C7C1 /* LaunchScreen.xib in Resources */ = {isa = PBXBuildFile; fileRef = 880374191AFD16D900C0C7C1 /* LaunchScreen.xib */; };
		880374271AFD16D900C0C7C1 /* MemeTests.swift in Sources */ = {isa = PBXBuildFile; fileRef = 880374261AFD16D900C0C7C1 /* MemeTests.swift */; };
/* End PBXBuildFile section */

/* Begin PBXContainerItemProxy section */
		880374211AFD16D900C0C7C1 /* PBXContainerItemProxy */ = {
			isa = PBXContainerItemProxy;
			containerPortal = 880374031AFD16D900C0C7C1 /* Project object */;
			proxyType = 1;
			remoteGlobalIDString = 8803740A1AFD16D900C0C7C1;
			remoteInfo = Meme;
		};
/* End PBXContainerItemProxy section */

/* Begin PBXFileReference section */
		8803740B1AFD16D900C0C7C1 /* Meme.app */ = {isa = PBXFileReference; explicitFileType = wrapper.application; includeInIndex = 0; path = Meme.app; sourceTree = BUILT_PRODUCTS_DIR; };
		8803740F1AFD16D900C0C7C1 /* Info.plist */ = {isa = PBXFileReference; lastKnownFileType = text.plist.xml; path = Info.plist; sourceTree = "<group>"; };
		880374101AFD16D900C0C7C1 /* AppDelegate.swift */ = {isa = PBXFileReference; lastKnownFileType = sourcecode.swift; path = AppDelegate.swift; sourceTree = "<group>"; };
		880374121AFD16D900C0C7C1 /* ViewController.swift */ = {isa = PBXFileReference; lastKnownFileType = sourcecode.swift; path = ViewController.swift; sourceTree = "<group>"; };
		880374151AFD16D900C0C7C1 /* Base */ = {isa = PBXFileReference; lastKnownFileType = file.storyboard; name = Base; path = Base.lproj/Main.storyboard; sourceTree = "<group>"; };
		880374171AFD16D900C0C7C1 /* Images.xcassets */ = {isa = PBXFileReference; lastKnownFileType = folder.assetcatalog; path = Images.xcassets; sourceTree = "<group>"; };
		8803741A1AFD16D900C0C7C1 /* Base */ = {isa = PBXFileReference; lastKnownFileType = file.xib; name = Base; path = Base.lproj/LaunchScreen.xib; sourceTree = "<group>"; };
		880374201AFD16D900C0C7C1 /* MemeTests.xctest */ = {isa = PBXFileReference; explicitFileType = wrapper.cfbundle; includeInIndex = 0; path = MemeTests.xctest; sourceTree = BUILT_PRODUCTS_DIR; };
		880374251AFD16D900C0C7C1 /* Info.plist */ = {isa = PBXFileReference; lastKnownFileType = text.plist.xml; path = Info.plist; sourceTree = "<group>"; };
		880374261AFD16D900C0C7C1 /* MemeTests.swift */ = {isa = PBXFileReference; lastKnownFileType = sourcecode.swift; path = MemeTests.swift; sourceTree = "<group>"; };
/* End PBXFileReference section */

/* Begin PBXFrameworksBuildPhase section */
		880374081AFD16D900C0C7C1 /* Frameworks */ = {
			isa = PBXFrameworksBuildPhase;
			buildActionMask = 2147483647;
			files = (
			);
			runOnlyForDeploymentPostprocessing = 0;
		};
		8803741D1AFD16D900C0C7C1 /* Frameworks */ = {
			isa = PBXFrameworksBuildPhase;
			buildActionMask = 2147483647;
			files = (
			);
			runOnlyForDeploymentPostprocessing = 0;
		};
/* End PBXFrameworksBuildPhase section */

/* Begin PBXGroup section */
		880374021AFD16D900C0C7C1 = {
			isa = PBXGroup;
			children = (
				8803740D1AFD16D900C0C7C1 /* Meme */,
				880374231AFD16D900C0C7C1 /* MemeTests */,
				8803740C1AFD16D900C0C7C1 /* Products */,
			);
			sourceTree = "<group>";
		};
		8803740C1AFD16D900C0C7C1 /* Products */ = {
			isa = PBXGroup;
			children = (
				8803740B1AFD16D900C0C7C1 /* Meme.app */,
				880374201AFD16D900C0C7C1 /* MemeTests.xctest */,
			);
			name = Products;
			sourceTree = "<group>";
		};
		8803740D1AFD16D900C0C7C1 /* Meme */ = {
			isa = PBXGroup;
			children = (
				880374101AFD16D900C0C7C1 /* AppDelegate.swift */,
				880374121AFD16D900C0C7C1 /* ViewController.swift */,
				880374141AFD16D900C0C7C1 /* Main.storyboard */,
				880374171AFD16D900C0C7C1 /* Images.xcassets */,
				880374191AFD16D900C0C7C1 /* LaunchScreen.xib */,
				8803740E1AFD16D900C0C7C1 /* Supporting Files */,
			);
			path = Meme;
			sourceTree = "<group>";
		};
		8803740E1AFD16D900C0C7C1 /* Supporting Files */ = {
			isa = PBXGroup;
			children = (
				8803740F1AFD16D900C0C7C1 /* Info.plist */,
			);
			name = "Supporting Files";
			sourceTree = "<group>";
		};
		880374231AFD16D900C0C7C1 /* MemeTests */ = {
			isa = PBXGroup;
			children = (
				880374261AFD16D900C0C7C1 /* MemeTests.swift */,
				880374241AFD16D900C0C7C1 /* Supporting Files */,
			);
			path = MemeTests;
			sourceTree = "<group>";
		};
		880374241AFD16D900C0C7C1 /* Supporting Files */ = {
			isa = PBXGroup;
			children = (
				880374251AFD16D900C0C7C1 /* Info.plist */,
			);
			name = "Supporting Files";
			sourceTree = "<group>";
		};
/* End PBXGroup section */

/* Begin PBXNativeTarget section */
		8803740A1AFD16D900C0C7C1 /* Meme */ = {
			isa = PBXNativeTarget;
			buildConfigurationList = 8803742A1AFD16D900C0C7C1 /* Build configuration list for PBXNativeTarget "Meme" */;
			buildPhases = (
				880374071AFD16D900C0C7C1 /* Sources */,
				880374081AFD16D900C0C7C1 /* Frameworks */,
				880374091AFD16D900C0C7C1 /* Resources */,
			);
			buildRules = (
			);
			dependencies = (
			);
			name = Meme;
			productName = Meme;
			productReference = 8803740B1AFD16D900C0C7C1 /* Meme.app */;
			productType = "com.apple.product-type.application";
		};
		8803741F1AFD16D900C0C7C1 /* MemeTests */ = {
			isa = PBXNativeTarget;
			buildConfigurationList = 8803742D1AFD16D900C0C7C1 /* Build configuration list for PBXNativeTarget "MemeTests" */;
			buildPhases = (
				8803741C1AFD16D900C0C7C1 /* Sources */,
				8803741D1AFD16D900C0C7C1 /* Frameworks */,
				8803741E1AFD16D900C0C7C1 /* Resources */,
			);
			buildRules = (
			);
			dependencies = (
				880374221AFD16D900C0C7C1 /* PBXTargetDependency */,
			);
			name = MemeTests;
			productName = MemeTests;
			productReference = 880374201AFD16D900C0C7C1 /* MemeTests.xctest */;
			productType = "com.apple.product-type.bundle.unit-test";
		};
/* End PBXNativeTarget section */

/* Begin PBXProject section */
		880374031AFD16D900C0C7C1 /* Project object */ = {
			isa = PBXProject;
			attributes = {
				LastUpgradeCheck = 0630;
				ORGANIZATIONNAME = "Wei Wang";
				TargetAttributes = {
					8803740A1AFD16D900C0C7C1 = {
						CreatedOnToolsVersion = 6.3.1;
					};
					8803741F1AFD16D900C0C7C1 = {
						CreatedOnToolsVersion = 6.3.1;
						TestTargetID = 8803740A1AFD16D900C0C7C1;
					};
				};
			};
			buildConfigurationList = 880374061AFD16D900C0C7C1 /* Build configuration list for PBXProject "Meme" */;
			compatibilityVersion = "Xcode 3.2";
			developmentRegion = English;
			hasScannedForEncodings = 0;
			knownRegions = (
				en,
				Base,
			);
			mainGroup = 880374021AFD16D900C0C7C1;
			productRefGroup = 8803740C1AFD16D900C0C7C1 /* Products */;
			projectDirPath = "";
			projectRoot = "";
			targets = (
				8803740A1AFD16D900C0C7C1 /* Meme */,
				8803741F1AFD16D900C0C7C1 /* MemeTests */,
			);
		};
/* End PBXProject section */

/* Begin PBXResourcesBuildPhase section */
		880374091AFD16D900C0C7C1 /* Resources */ = {
			isa = PBXResourcesBuildPhase;
			buildActionMask = 2147483647;
			files = (
				880374161AFD16D900C0C7C1 /* Main.storyboard in Resources */,
				8803741B1AFD16D900C0C7C1 /* LaunchScreen.xib in Resources */,
				880374181AFD16D900C0C7C1 /* Images.xcassets in Resources */,
			);
			runOnlyForDeploymentPostprocessing = 0;
		};
		8803741E1AFD16D900C0C7C1 /* Resources */ = {
			isa = PBXResourcesBuildPhase;
			buildActionMask = 2147483647;
			files = (
			);
			runOnlyForDeploymentPostprocessing = 0;
		};
/* End PBXResourcesBuildPhase section */

/* Begin PBXSourcesBuildPhase section */
		880374071AFD16D900C0C7C1 /* Sources */ = {
			isa = PBXSourcesBuildPhase;
			buildActionMask = 2147483647;
			files = (
				880374131AFD16D900C0C7C1 /* ViewController.swift in Sources */,
				880374111AFD16D900C0C7C1 /* AppDelegate.swift in Sources */,
			);
			runOnlyForDeploymentPostprocessing = 0;
		};
		8803741C1AFD16D900C0C7C1 /* Sources */ = {
			isa = PBXSourcesBuildPhase;
			buildActionMask = 2147483647;
			files = (
				880374271AFD16D900C0C7C1 /* MemeTests.swift in Sources */,
			);
			runOnlyForDeploymentPostprocessing = 0;
		};
/* End PBXSourcesBuildPhase section */

/* Begin PBXTargetDependency section */
		880374221AFD16D900C0C7C1 /* PBXTargetDependency */ = {
			isa = PBXTargetDependency;
			target = 8803740A1AFD16D900C0C7C1 /* Meme */;
			targetProxy = 880374211AFD16D900C0C7C1 /* PBXContainerItemProxy */;
		};
/* End PBXTargetDependency section */

/* Begin PBXVariantGroup section */
		880374141AFD16D900C0C7C1 /* Main.storyboard */ = {
			isa = PBXVariantGroup;
			children = (
				880374151AFD16D900C0C7C1 /* Base */,
			);
			name = Main.storyboard;
			sourceTree = "<group>";
		};
		880374191AFD16D900C0C7C1 /* LaunchScreen.xib */ = {
			isa = PBXVariantGroup;
			children = (
				8803741A1AFD16D900C0C7C1 /* Base */,
			);
			name = LaunchScreen.xib;
			sourceTree = "<group>";
		};
/* End PBXVariantGroup section */

/* Begin XCBuildConfiguration section */
		880374281AFD16D900C0C7C1 /* Debug */ = {
			isa = XCBuildConfiguration;
			buildSettings = {
				ALWAYS_SEARCH_USER_PATHS = NO;
				CLANG_CXX_LANGUAGE_STANDARD = "gnu++0x";
				CLANG_CXX_LIBRARY = "libc++";
				CLANG_ENABLE_MODULES = YES;
				CLANG_ENABLE_OBJC_ARC = YES;
				CLANG_WARN_BOOL_CONVERSION = YES;
				CLANG_WARN_CONSTANT_CONVERSION = YES;
				CLANG_WARN_DIRECT_OBJC_ISA_USAGE = YES_ERROR;
				CLANG_WARN_EMPTY_BODY = YES;
				CLANG_WARN_ENUM_CONVERSION = YES;
				CLANG_WARN_INT_CONVERSION = YES;
				CLANG_WARN_OBJC_ROOT_CLASS = YES_ERROR;
				CLANG_WARN_UNREACHABLE_CODE = YES;
				CLANG_WARN__DUPLICATE_METHOD_MATCH = YES;
				"CODE_SIGN_IDENTITY[sdk=iphoneos*]" = "iPhone Developer";
				COPY_PHASE_STRIP = NO;
				DEBUG_INFORMATION_FORMAT = "dwarf-with-dsym";
				ENABLE_STRICT_OBJC_MSGSEND = YES;
				GCC_C_LANGUAGE_STANDARD = gnu99;
				GCC_DYNAMIC_NO_PIC = NO;
				GCC_NO_COMMON_BLOCKS = YES;
				GCC_OPTIMIZATION_LEVEL = 0;
				GCC_PREPROCESSOR_DEFINITIONS = (
					"DEBUG=1",
					"$(inherited)",
				);
				GCC_SYMBOLS_PRIVATE_EXTERN = NO;
				GCC_WARN_64_TO_32_BIT_CONVERSION = YES;
				GCC_WARN_ABOUT_RETURN_TYPE = YES_ERROR;
				GCC_WARN_UNDECLARED_SELECTOR = YES;
				GCC_WARN_UNINITIALIZED_AUTOS = YES_AGGRESSIVE;
				GCC_WARN_UNUSED_FUNCTION = YES;
				GCC_WARN_UNUSED_VARIABLE = YES;
				IPHONEOS_DEPLOYMENT_TARGET = 8.3;
				MTL_ENABLE_DEBUG_INFO = YES;
				ONLY_ACTIVE_ARCH = YES;
				SDKROOT = iphoneos;
				SWIFT_OPTIMIZATION_LEVEL = "-Onone";
			};
			name = Debug;
		};
		880374291AFD16D900C0C7C1 /* Release */ = {
			isa = XCBuildConfiguration;
			buildSettings = {
				ALWAYS_SEARCH_USER_PATHS = NO;
				CLANG_CXX_LANGUAGE_STANDARD = "gnu++0x";
				CLANG_CXX_LIBRARY = "libc++";
				CLANG_ENABLE_MODULES = YES;
				CLANG_ENABLE_OBJC_ARC = YES;
				CLANG_WARN_BOOL_CONVERSION = YES;
				CLANG_WARN_CONSTANT_CONVERSION = YES;
				CLANG_WARN_DIRECT_OBJC_ISA_USAGE = YES_ERROR;
				CLANG_WARN_EMPTY_BODY = YES;
				CLANG_WARN_ENUM_CONVERSION = YES;
				CLANG_WARN_INT_CONVERSION = YES;
				CLANG_WARN_OBJC_ROOT_CLASS = YES_ERROR;
				CLANG_WARN_UNREACHABLE_CODE = YES;
				CLANG_WARN__DUPLICATE_METHOD_MATCH = YES;
				"CODE_SIGN_IDENTITY[sdk=iphoneos*]" = "iPhone Developer";
				COPY_PHASE_STRIP = NO;
				DEBUG_INFORMATION_FORMAT = "dwarf-with-dsym";
				ENABLE_NS_ASSERTIONS = NO;
				ENABLE_STRICT_OBJC_MSGSEND = YES;
				GCC_C_LANGUAGE_STANDARD = gnu99;
				GCC_NO_COMMON_BLOCKS = YES;
				GCC_WARN_64_TO_32_BIT_CONVERSION = YES;
				GCC_WARN_ABOUT_RETURN_TYPE = YES_ERROR;
				GCC_WARN_UNDECLARED_SELECTOR = YES;
				GCC_WARN_UNINITIALIZED_AUTOS = YES_AGGRESSIVE;
				GCC_WARN_UNUSED_FUNCTION = YES;
				GCC_WARN_UNUSED_VARIABLE = YES;
				IPHONEOS_DEPLOYMENT_TARGET = 8.3;
				MTL_ENABLE_DEBUG_INFO = NO;
				SDKROOT = iphoneos;
				VALIDATE_PRODUCT = YES;
			};
			name = Release;
		};
		8803742B1AFD16D900C0C7C1 /* Debug */ = {
			isa = XCBuildConfiguration;
			buildSettings = {
				ASSETCATALOG_COMPILER_APPICON_NAME = AppIcon;
				INFOPLIST_FILE = Meme/Info.plist;
				LD_RUNPATH_SEARCH_PATHS = "$(inherited) @executable_path/Frameworks";
				PRODUCT_NAME = "$(TARGET_NAME)";
			};
			name = Debug;
		};
		8803742C1AFD16D900C0C7C1 /* Release */ = {
			isa = XCBuildConfiguration;
			buildSettings = {
				ASSETCATALOG_COMPILER_APPICON_NAME = AppIcon;
				INFOPLIST_FILE = Meme/Info.plist;
				LD_RUNPATH_SEARCH_PATHS = "$(inherited) @executable_path/Frameworks";
				PRODUCT_NAME = "$(TARGET_NAME)";
			};
			name = Release;
		};
		8803742E1AFD16D900C0C7C1 /* Debug */ = {
			isa = XCBuildConfiguration;
			buildSettings = {
				BUNDLE_LOADER = "$(TEST_HOST)";
				FRAMEWORK_SEARCH_PATHS = (
					"$(SDKROOT)/Developer/Library/Frameworks",
					"$(inherited)",
				);
				GCC_PREPROCESSOR_DEFINITIONS = (
					"DEBUG=1",
					"$(inherited)",
				);
				INFOPLIST_FILE = MemeTests/Info.plist;
				LD_RUNPATH_SEARCH_PATHS = "$(inherited) @executable_path/Frameworks @loader_path/Frameworks";
				PRODUCT_NAME = "$(TARGET_NAME)";
				TEST_HOST = "$(BUILT_PRODUCTS_DIR)/Meme.app/Meme";
			};
			name = Debug;
		};
		8803742F1AFD16D900C0C7C1 /* Release */ = {
			isa = XCBuildConfiguration;
			buildSettings = {
				BUNDLE_LOADER = "$(TEST_HOST)";
				FRAMEWORK_SEARCH_PATHS = (
					"$(SDKROOT)/Developer/Library/Frameworks",
					"$(inherited)",
				);
				INFOPLIST_FILE = MemeTests/Info.plist;
				LD_RUNPATH_SEARCH_PATHS = "$(inherited) @executable_path/Frameworks @loader_path/Frameworks";
				PRODUCT_NAME = "$(TARGET_NAME)";
				TEST_HOST = "$(BUILT_PRODUCTS_DIR)/Meme.app/Meme";
			};
			name = Release;
		};
/* End XCBuildConfiguration section */

/* Begin XCConfigurationList section */
		880374061AFD16D900C0C7C1 /* Build configuration list for PBXProject "Meme" */ = {
			isa = XCConfigurationList;
			buildConfigurations = (
				880374281AFD16D900C0C7C1 /* Debug */,
				880374291AFD16D900C0C7C1 /* Release */,
			);
			defaultConfigurationIsVisible = 0;
			defaultConfigurationName = Release;
		};
		8803742A1AFD16D900C0C7C1 /* Build configuration list for PBXNativeTarget "Meme" */ = {
			isa = XCConfigurationList;
			buildConfigurations = (
				8803742B1AFD16D900C0C7C1 /* Debug */,
				8803742C1AFD16D900C0C7C1 /* Release */,
			);
			defaultConfigurationIsVisible = 0;
		};
		8803742D1AFD16D900C0C7C1 /* Build configuration list for PBXNativeTarget "MemeTests" */ = {
			isa = XCConfigurationList;
			buildConfigurations = (
				8803742E1AFD16D900C0C7C1 /* Debug */,
				8803742F1AFD16D900C0C7C1 /* Release */,
			);
			defaultConfigurationIsVisible = 0;
		};
/* End XCConfigurationList section */
	};
	rootObject = 880374031AFD16D900C0C7C1 /* Project object */;
}
